// !$*UTF8*$!
{
	archiveVersion = 1;
	classes = {
	};
	objectVersion = 46;
	objects = {

/* Begin PBXBuildFile section */
		D539CB371EDB88DD005FE4F3 /* main.m in Sources */ = {isa = PBXBuildFile; fileRef = D539CB361EDB88DD005FE4F3 /* main.m */; };
		D539CB3A1EDB88DD005FE4F3 /* AppDelegate.m in Sources */ = {isa = PBXBuildFile; fileRef = D539CB391EDB88DD005FE4F3 /* AppDelegate.m */; };
		D539CB3D1EDB88DD005FE4F3 /* ViewController.m in Sources */ = {isa = PBXBuildFile; fileRef = D539CB3C1EDB88DD005FE4F3 /* ViewController.m */; };
		D539CB401EDB88DD005FE4F3 /* Main.storyboard in Resources */ = {isa = PBXBuildFile; fileRef = D539CB3E1EDB88DD005FE4F3 /* Main.storyboard */; };
		D539CB421EDB88DD005FE4F3 /* Images.xcassets in Resources */ = {isa = PBXBuildFile; fileRef = D539CB411EDB88DD005FE4F3 /* Images.xcassets */; };
		D539CB451EDB88DD005FE4F3 /* LaunchScreen.xib in Resources */ = {isa = PBXBuildFile; fileRef = D539CB431EDB88DD005FE4F3 /* LaunchScreen.xib */; };
		D539CB511EDB88DE005FE4F3 /* myFirstAppTests.m in Sources */ = {isa = PBXBuildFile; fileRef = D539CB501EDB88DE005FE4F3 /* myFirstAppTests.m */; };
		D5BFFE491EDCE52C00D69F70 /* oyuncak.png in Resources */ = {isa = PBXBuildFile; fileRef = D5BFFE471EDCE52C00D69F70 /* oyuncak.png */; };
		D5BFFE4A1EDCE52C00D69F70 /* ucak.png in Resources */ = {isa = PBXBuildFile; fileRef = D5BFFE481EDCE52C00D69F70 /* ucak.png */; };
/* End PBXBuildFile section */

/* Begin PBXContainerItemProxy section */
		D539CB4B1EDB88DE005FE4F3 /* PBXContainerItemProxy */ = {
			isa = PBXContainerItemProxy;
			containerPortal = D539CB291EDB88DD005FE4F3 /* Project object */;
			proxyType = 1;
			remoteGlobalIDString = D539CB301EDB88DD005FE4F3;
			remoteInfo = myFirstApp;
		};
/* End PBXContainerItemProxy section */

/* Begin PBXFileReference section */
		D539CB311EDB88DD005FE4F3 /* myFirstApp.app */ = {isa = PBXFileReference; explicitFileType = wrapper.application; includeInIndex = 0; path = myFirstApp.app; sourceTree = BUILT_PRODUCTS_DIR; };
		D539CB351EDB88DD005FE4F3 /* Info.plist */ = {isa = PBXFileReference; lastKnownFileType = text.plist.xml; path = Info.plist; sourceTree = "<group>"; };
		D539CB361EDB88DD005FE4F3 /* main.m */ = {isa = PBXFileReference; lastKnownFileType = sourcecode.c.objc; path = main.m; sourceTree = "<group>"; };
		D539CB381EDB88DD005FE4F3 /* AppDelegate.h */ = {isa = PBXFileReference; lastKnownFileType = sourcecode.c.h; path = AppDelegate.h; sourceTree = "<group>"; };
		D539CB391EDB88DD005FE4F3 /* AppDelegate.m */ = {isa = PBXFileReference; lastKnownFileType = sourcecode.c.objc; path = AppDelegate.m; sourceTree = "<group>"; };
		D539CB3B1EDB88DD005FE4F3 /* ViewController.h */ = {isa = PBXFileReference; lastKnownFileType = sourcecode.c.h; path = ViewController.h; sourceTree = "<group>"; };
		D539CB3C1EDB88DD005FE4F3 /* ViewController.m */ = {isa = PBXFileReference; lastKnownFileType = sourcecode.c.objc; path = ViewController.m; sourceTree = "<group>"; };
		D539CB3F1EDB88DD005FE4F3 /* Base */ = {isa = PBXFileReference; lastKnownFileType = file.storyboard; name = Base; path = Base.lproj/Main.storyboard; sourceTree = "<group>"; };
		D539CB411EDB88DD005FE4F3 /* Images.xcassets */ = {isa = PBXFileReference; lastKnownFileType = folder.assetcatalog; path = Images.xcassets; sourceTree = "<group>"; };
		D539CB441EDB88DD005FE4F3 /* Base */ = {isa = PBXFileReference; lastKnownFileType = file.xib; name = Base; path = Base.lproj/LaunchScreen.xib; sourceTree = "<group>"; };
		D539CB4A1EDB88DE005FE4F3 /* myFirstAppTests.xctest */ = {isa = PBXFileReference; explicitFileType = wrapper.cfbundle; includeInIndex = 0; path = myFirstAppTests.xctest; sourceTree = BUILT_PRODUCTS_DIR; };
		D539CB4F1EDB88DE005FE4F3 /* Info.plist */ = {isa = PBXFileReference; lastKnownFileType = text.plist.xml; path = Info.plist; sourceTree = "<group>"; };
		D539CB501EDB88DE005FE4F3 /* myFirstAppTests.m */ = {isa = PBXFileReference; lastKnownFileType = sourcecode.c.objc; path = myFirstAppTests.m; sourceTree = "<group>"; };
		D5BFFE471EDCE52C00D69F70 /* oyuncak.png */ = {isa = PBXFileReference; lastKnownFileType = image.png; path = oyuncak.png; sourceTree = "<group>"; };
		D5BFFE481EDCE52C00D69F70 /* ucak.png */ = {isa = PBXFileReference; lastKnownFileType = image.png; path = ucak.png; sourceTree = "<group>"; };
/* End PBXFileReference section */

/* Begin PBXFrameworksBuildPhase section */
		D539CB2E1EDB88DD005FE4F3 /* Frameworks */ = {
			isa = PBXFrameworksBuildPhase;
			buildActionMask = 2147483647;
			files = (
			);
			runOnlyForDeploymentPostprocessing = 0;
		};
		D539CB471EDB88DE005FE4F3 /* Frameworks */ = {
			isa = PBXFrameworksBuildPhase;
			buildActionMask = 2147483647;
			files = (
			);
			runOnlyForDeploymentPostprocessing = 0;
		};
/* End PBXFrameworksBuildPhase section */

/* Begin PBXGroup section */
		D539CB281EDB88DD005FE4F3 = {
			isa = PBXGroup;
			children = (
				D539CB331EDB88DD005FE4F3 /* myFirstApp */,
				D539CB4D1EDB88DE005FE4F3 /* myFirstAppTests */,
				D539CB321EDB88DD005FE4F3 /* Products */,
			);
			sourceTree = "<group>";
		};
		D539CB321EDB88DD005FE4F3 /* Products */ = {
			isa = PBXGroup;
			children = (
				D539CB311EDB88DD005FE4F3 /* myFirstApp.app */,
				D539CB4A1EDB88DE005FE4F3 /* myFirstAppTests.xctest */,
			);
			name = Products;
			sourceTree = "<group>";
		};
		D539CB331EDB88DD005FE4F3 /* myFirstApp */ = {
			isa = PBXGroup;
			children = (
				D539CB381EDB88DD005FE4F3 /* AppDelegate.h */,
				D539CB391EDB88DD005FE4F3 /* AppDelegate.m */,
				D539CB3B1EDB88DD005FE4F3 /* ViewController.h */,
				D539CB3C1EDB88DD005FE4F3 /* ViewController.m */,
				D539CB3E1EDB88DD005FE4F3 /* Main.storyboard */,
				D539CB411EDB88DD005FE4F3 /* Images.xcassets */,
				D539CB431EDB88DD005FE4F3 /* LaunchScreen.xib */,
				D539CB341EDB88DD005FE4F3 /* Supporting Files */,
			);
			path = myFirstApp;
			sourceTree = "<group>";
		};
		D539CB341EDB88DD005FE4F3 /* Supporting Files */ = {
			isa = PBXGroup;
			children = (
				D5BFFE461EDCE0AA00D69F70 /* images */,
				D539CB351EDB88DD005FE4F3 /* Info.plist */,
				D539CB361EDB88DD005FE4F3 /* main.m */,
			);
			name = "Supporting Files";
			sourceTree = "<group>";
		};
		D539CB4D1EDB88DE005FE4F3 /* myFirstAppTests */ = {
			isa = PBXGroup;
			children = (
				D539CB501EDB88DE005FE4F3 /* myFirstAppTests.m */,
				D539CB4E1EDB88DE005FE4F3 /* Supporting Files */,
			);
			path = myFirstAppTests;
			sourceTree = "<group>";
		};
		D539CB4E1EDB88DE005FE4F3 /* Supporting Files */ = {
			isa = PBXGroup;
			children = (
				D539CB4F1EDB88DE005FE4F3 /* Info.plist */,
			);
			name = "Supporting Files";
			sourceTree = "<group>";
		};
		D5BFFE461EDCE0AA00D69F70 /* images */ = {
			isa = PBXGroup;
			children = (
				D5BFFE471EDCE52C00D69F70 /* oyuncak.png */,
				D5BFFE481EDCE52C00D69F70 /* ucak.png */,
			);
			name = images;
			sourceTree = "<group>";
		};
/* End PBXGroup section */

/* Begin PBXNativeTarget section */
		D539CB301EDB88DD005FE4F3 /* myFirstApp */ = {
			isa = PBXNativeTarget;
			buildConfigurationList = D539CB541EDB88DE005FE4F3 /* Build configuration list for PBXNativeTarget "myFirstApp" */;
			buildPhases = (
				D539CB2D1EDB88DD005FE4F3 /* Sources */,
				D539CB2E1EDB88DD005FE4F3 /* Frameworks */,
				D539CB2F1EDB88DD005FE4F3 /* Resources */,
			);
			buildRules = (
			);
			dependencies = (
			);
			name = myFirstApp;
			productName = myFirstApp;
			productReference = D539CB311EDB88DD005FE4F3 /* myFirstApp.app */;
			productType = "com.apple.product-type.application";
		};
		D539CB491EDB88DE005FE4F3 /* myFirstAppTests */ = {
			isa = PBXNativeTarget;
			buildConfigurationList = D539CB571EDB88DE005FE4F3 /* Build configuration list for PBXNativeTarget "myFirstAppTests" */;
			buildPhases = (
				D539CB461EDB88DE005FE4F3 /* Sources */,
				D539CB471EDB88DE005FE4F3 /* Frameworks */,
				D539CB481EDB88DE005FE4F3 /* Resources */,
			);
			buildRules = (
			);
			dependencies = (
				D539CB4C1EDB88DE005FE4F3 /* PBXTargetDependency */,
			);
			name = myFirstAppTests;
			productName = myFirstAppTests;
			productReference = D539CB4A1EDB88DE005FE4F3 /* myFirstAppTests.xctest */;
			productType = "com.apple.product-type.bundle.unit-test";
		};
/* End PBXNativeTarget section */

/* Begin PBXProject section */
		D539CB291EDB88DD005FE4F3 /* Project object */ = {
			isa = PBXProject;
			attributes = {
				LastUpgradeCheck = 0640;
				ORGANIZATIONNAME = coskun;
				TargetAttributes = {
					D539CB301EDB88DD005FE4F3 = {
						CreatedOnToolsVersion = 6.4;
					};
					D539CB491EDB88DE005FE4F3 = {
						CreatedOnToolsVersion = 6.4;
						TestTargetID = D539CB301EDB88DD005FE4F3;
					};
				};
			};
			buildConfigurationList = D539CB2C1EDB88DD005FE4F3 /* Build configuration list for PBXProject "myFirstApp" */;
			compatibilityVersion = "Xcode 3.2";
			developmentRegion = English;
			hasScannedForEncodings = 0;
			knownRegions = (
				en,
				Base,
			);
			mainGroup = D539CB281EDB88DD005FE4F3;
			productRefGroup = D539CB321EDB88DD005FE4F3 /* Products */;
			projectDirPath = "";
			projectRoot = "";
			targets = (
				D539CB301EDB88DD005FE4F3 /* myFirstApp */,
				D539CB491EDB88DE005FE4F3 /* myFirstAppTests */,
			);
		};
/* End PBXProject section */

/* Begin PBXResourcesBuildPhase section */
		D539CB2F1EDB88DD005FE4F3 /* Resources */ = {
			isa = PBXResourcesBuildPhase;
			buildActionMask = 2147483647;
			files = (
				D5BFFE491EDCE52C00D69F70 /* oyuncak.png in Resources */,
				D5BFFE4A1EDCE52C00D69F70 /* ucak.png in Resources */,
				D539CB401EDB88DD005FE4F3 /* Main.storyboard in Resources */,
				D539CB451EDB88DD005FE4F3 /* LaunchScreen.xib in Resources */,
				D539CB421EDB88DD005FE4F3 /* Images.xcassets in Resources */,
			);
			runOnlyForDeploymentPostprocessing = 0;
		};
		D539CB481EDB88DE005FE4F3 /* Resources */ = {
			isa = PBXResourcesBuildPhase;
			buildActionMask = 2147483647;
			files = (
			);
			runOnlyForDeploymentPostprocessing = 0;
		};
/* End PBXResourcesBuildPhase section */

/* Begin PBXSourcesBuildPhase section */
		D539CB2D1EDB88DD005FE4F3 /* Sources */ = {
			isa = PBXSourcesBuildPhase;
			buildActionMask = 2147483647;
			files = (
				D539CB3D1EDB88DD005FE4F3 /* ViewController.m in Sources */,
				D539CB3A1EDB88DD005FE4F3 /* AppDelegate.m in Sources */,
				D539CB371EDB88DD005FE4F3 /* main.m in Sources */,
			);
			runOnlyForDeploymentPostprocessing = 0;
		};
		D539CB461EDB88DE005FE4F3 /* Sources */ = {
			isa = PBXSourcesBuildPhase;
			buildActionMask = 2147483647;
			files = (
				D539CB511EDB88DE005FE4F3 /* myFirstAppTests.m in Sources */,
			);
			runOnlyForDeploymentPostprocessing = 0;
		};
/* End PBXSourcesBuildPhase section */

/* Begin PBXTargetDependency section */
		D539CB4C1EDB88DE005FE4F3 /* PBXTargetDependency */ = {
			isa = PBXTargetDependency;
			target = D539CB301EDB88DD005FE4F3 /* myFirstApp */;
			targetProxy = D539CB4B1EDB88DE005FE4F3 /* PBXContainerItemProxy */;
		};
/* End PBXTargetDependency section */

/* Begin PBXVariantGroup section */
		D539CB3E1EDB88DD005FE4F3 /* Main.storyboard */ = {
			isa = PBXVariantGroup;
			children = (
				D539CB3F1EDB88DD005FE4F3 /* Base */,
			);
			name = Main.storyboard;
			sourceTree = "<group>";
		};
		D539CB431EDB88DD005FE4F3 /* LaunchScreen.xib */ = {
			isa = PBXVariantGroup;
			children = (
				D539CB441EDB88DD005FE4F3 /* Base */,
			);
			name = LaunchScreen.xib;
			sourceTree = "<group>";
		};
/* End PBXVariantGroup section */

/* Begin XCBuildConfiguration section */
		D539CB521EDB88DE005FE4F3 /* Debug */ = {
			isa = XCBuildConfiguration;
			buildSettings = {
				ALWAYS_SEARCH_USER_PATHS = NO;
				CLANG_CXX_LANGUAGE_STANDARD = "gnu++0x";
				CLANG_CXX_LIBRARY = "libc++";
				CLANG_ENABLE_MODULES = YES;
				CLANG_ENABLE_OBJC_ARC = YES;
				CLANG_WARN_BOOL_CONVERSION = YES;
				CLANG_WARN_CONSTANT_CONVERSION = YES;
				CLANG_WARN_DIRECT_OBJC_ISA_USAGE = YES_ERROR;
				CLANG_WARN_EMPTY_BODY = YES;
				CLANG_WARN_ENUM_CONVERSION = YES;
				CLANG_WARN_INT_CONVERSION = YES;
				CLANG_WARN_OBJC_ROOT_CLASS = YES_ERROR;
				CLANG_WARN_UNREACHABLE_CODE = YES;
				CLANG_WARN__DUPLICATE_METHOD_MATCH = YES;
				"CODE_SIGN_IDENTITY[sdk=iphoneos*]" = "iPhone Developer";
				COPY_PHASE_STRIP = NO;
				DEBUG_INFORMATION_FORMAT = "dwarf-with-dsym";
				ENABLE_STRICT_OBJC_MSGSEND = YES;
				GCC_C_LANGUAGE_STANDARD = gnu99;
				GCC_DYNAMIC_NO_PIC = NO;
				GCC_NO_COMMON_BLOCKS = YES;
				GCC_OPTIMIZATION_LEVEL = 0;
				GCC_PREPROCESSOR_DEFINITIONS = (
					"DEBUG=1",
					"$(inherited)",
				);
				GCC_SYMBOLS_PRIVATE_EXTERN = NO;
				GCC_WARN_64_TO_32_BIT_CONVERSION = YES;
				GCC_WARN_ABOUT_RETURN_TYPE = YES_ERROR;
				GCC_WARN_UNDECLARED_SELECTOR = YES;
				GCC_WARN_UNINITIALIZED_AUTOS = YES_AGGRESSIVE;
				GCC_WARN_UNUSED_FUNCTION = YES;
				GCC_WARN_UNUSED_VARIABLE = YES;
				IPHONEOS_DEPLOYMENT_TARGET = 8.4;
				MTL_ENABLE_DEBUG_INFO = YES;
				ONLY_ACTIVE_ARCH = YES;
				SDKROOT = iphoneos;
				TARGETED_DEVICE_FAMILY = "1,2";
			};
			name = Debug;
		};
		D539CB531EDB88DE005FE4F3 /* Release */ = {
			isa = XCBuildConfiguration;
			buildSettings = {
				ALWAYS_SEARCH_USER_PATHS = NO;
				CLANG_CXX_LANGUAGE_STANDARD = "gnu++0x";
				CLANG_CXX_LIBRARY = "libc++";
				CLANG_ENABLE_MODULES = YES;
				CLANG_ENABLE_OBJC_ARC = YES;
				CLANG_WARN_BOOL_CONVERSION = YES;
				CLANG_WARN_CONSTANT_CONVERSION = YES;
				CLANG_WARN_DIRECT_OBJC_ISA_USAGE = YES_ERROR;
				CLANG_WARN_EMPTY_BODY = YES;
				CLANG_WARN_ENUM_CONVERSION = YES;
				CLANG_WARN_INT_CONVERSION = YES;
				CLANG_WARN_OBJC_ROOT_CLASS = YES_ERROR;
				CLANG_WARN_UNREACHABLE_CODE = YES;
				CLANG_WARN__DUPLICATE_METHOD_MATCH = YES;
				"CODE_SIGN_IDENTITY[sdk=iphoneos*]" = "iPhone Developer";
				COPY_PHASE_STRIP = NO;
				DEBUG_INFORMATION_FORMAT = "dwarf-with-dsym";
				ENABLE_NS_ASSERTIONS = NO;
				ENABLE_STRICT_OBJC_MSGSEND = YES;
				GCC_C_LANGUAGE_STANDARD = gnu99;
				GCC_NO_COMMON_BLOCKS = YES;
				GCC_WARN_64_TO_32_BIT_CONVERSION = YES;
				GCC_WARN_ABOUT_RETURN_TYPE = YES_ERROR;
				GCC_WARN_UNDECLARED_SELECTOR = YES;
				GCC_WARN_UNINITIALIZED_AUTOS = YES_AGGRESSIVE;
				GCC_WARN_UNUSED_FUNCTION = YES;
				GCC_WARN_UNUSED_VARIABLE = YES;
				IPHONEOS_DEPLOYMENT_TARGET = 8.4;
				MTL_ENABLE_DEBUG_INFO = NO;
				SDKROOT = iphoneos;
				TARGETED_DEVICE_FAMILY = "1,2";
				VALIDATE_PRODUCT = YES;
			};
			name = Release;
		};
		D539CB551EDB88DE005FE4F3 /* Debug */ = {
			isa = XCBuildConfiguration;
			buildSettings = {
				ASSETCATALOG_COMPILER_APPICON_NAME = AppIcon;
				INFOPLIST_FILE = myFirstApp/Info.plist;
				LD_RUNPATH_SEARCH_PATHS = "$(inherited) @executable_path/Frameworks";
				PRODUCT_NAME = "$(TARGET_NAME)";
			};
			name = Debug;
		};
		D539CB561EDB88DE005FE4F3 /* Release */ = {
			isa = XCBuildConfiguration;
			buildSettings = {
				ASSETCATALOG_COMPILER_APPICON_NAME = AppIcon;
				INFOPLIST_FILE = myFirstApp/Info.plist;
				LD_RUNPATH_SEARCH_PATHS = "$(inherited) @executable_path/Frameworks";
				PRODUCT_NAME = "$(TARGET_NAME)";
			};
			name = Release;
		};
		D539CB581EDB88DE005FE4F3 /* Debug */ = {
			isa = XCBuildConfiguration;
			buildSettings = {
				BUNDLE_LOADER = "$(TEST_HOST)";
				FRAMEWORK_SEARCH_PATHS = (
					"$(SDKROOT)/Developer/Library/Frameworks",
					"$(inherited)",
				);
				GCC_PREPROCESSOR_DEFINITIONS = (
					"DEBUG=1",
					"$(inherited)",
				);
				INFOPLIST_FILE = myFirstAppTests/Info.plist;
				LD_RUNPATH_SEARCH_PATHS = "$(inherited) @executable_path/Frameworks @loader_path/Frameworks";
				PRODUCT_NAME = "$(TARGET_NAME)";
				TEST_HOST = "$(BUILT_PRODUCTS_DIR)/myFirstApp.app/myFirstApp";
			};
			name = Debug;
		};
		D539CB591EDB88DE005FE4F3 /* Release */ = {
			isa = XCBuildConfiguration;
			buildSettings = {
				BUNDLE_LOADER = "$(TEST_HOST)";
				FRAMEWORK_SEARCH_PATHS = (
					"$(SDKROOT)/Developer/Library/Frameworks",
					"$(inherited)",
				);
				INFOPLIST_FILE = myFirstAppTests/Info.plist;
				LD_RUNPATH_SEARCH_PATHS = "$(inherited) @executable_path/Frameworks @loader_path/Frameworks";
				PRODUCT_NAME = "$(TARGET_NAME)";
				TEST_HOST = "$(BUILT_PRODUCTS_DIR)/myFirstApp.app/myFirstApp";
			};
			name = Release;
		};
/* End XCBuildConfiguration section */

/* Begin XCConfigurationList section */
		D539CB2C1EDB88DD005FE4F3 /* Build configuration list for PBXProject "myFirstApp" */ = {
			isa = XCConfigurationList;
			buildConfigurations = (
				D539CB521EDB88DE005FE4F3 /* Debug */,
				D539CB531EDB88DE005FE4F3 /* Release */,
			);
			defaultConfigurationIsVisible = 0;
			defaultConfigurationName = Release;
		};
		D539CB541EDB88DE005FE4F3 /* Build configuration list for PBXNativeTarget "myFirstApp" */ = {
			isa = XCConfigurationList;
			buildConfigurations = (
				D539CB551EDB88DE005FE4F3 /* Debug */,
				D539CB561EDB88DE005FE4F3 /* Release */,
			);
			defaultConfigurationIsVisible = 0;
			defaultConfigurationName = Release;
		};
		D539CB571EDB88DE005FE4F3 /* Build configuration list for PBXNativeTarget "myFirstAppTests" */ = {
			isa = XCConfigurationList;
			buildConfigurations = (
				D539CB581EDB88DE005FE4F3 /* Debug */,
				D539CB591EDB88DE005FE4F3 /* Release */,
			);
			defaultConfigurationIsVisible = 0;
			defaultConfigurationName = Release;
		};
/* End XCConfigurationList section */
	};
	rootObject = D539CB291EDB88DD005FE4F3 /* Project object */;
}
