// !$*UTF8*$!
{
	archiveVersion = 1;
	classes = {
	};
	objectVersion = 46;
	objects = {

/* Begin PBXBuildFile section */
		D51F7C2A1F1EB73900EDCA03 /* BullsEye.html in Resources */ = {isa = PBXBuildFile; fileRef = D51F7C291F1EB73900EDCA03 /* BullsEye.html */; };
		D56603C91F08D792008E65A1 /* AppDelegate.swift in Sources */ = {isa = PBXBuildFile; fileRef = D56603C81F08D792008E65A1 /* AppDelegate.swift */; };
		D56603CB1F08D792008E65A1 /* ViewController.swift in Sources */ = {isa = PBXBuildFile; fileRef = D56603CA1F08D792008E65A1 /* ViewController.swift */; };
		D56603CE1F08D792008E65A1 /* Main.storyboard in Resources */ = {isa = PBXBuildFile; fileRef = D56603CC1F08D792008E65A1 /* Main.storyboard */; };
		D56603D01F08D792008E65A1 /* Images.xcassets in Resources */ = {isa = PBXBuildFile; fileRef = D56603CF1F08D792008E65A1 /* Images.xcassets */; };
		D56603D31F08D792008E65A1 /* LaunchScreen.xib in Resources */ = {isa = PBXBuildFile; fileRef = D56603D11F08D792008E65A1 /* LaunchScreen.xib */; };
		D56603DF1F08D792008E65A1 /* BullsEyeTests.swift in Sources */ = {isa = PBXBuildFile; fileRef = D56603DE1F08D792008E65A1 /* BullsEyeTests.swift */; };
		D56BE9301F0A796C00764EB6 /* AboutViewController.swift in Sources */ = {isa = PBXBuildFile; fileRef = D56BE92F1F0A796C00764EB6 /* AboutViewController.swift */; };
/* End PBXBuildFile section */

/* Begin PBXContainerItemProxy section */
		D56603D91F08D792008E65A1 /* PBXContainerItemProxy */ = {
			isa = PBXContainerItemProxy;
			containerPortal = D56603BB1F08D792008E65A1 /* Project object */;
			proxyType = 1;
			remoteGlobalIDString = D56603C21F08D792008E65A1;
			remoteInfo = BullsEye;
		};
/* End PBXContainerItemProxy section */

/* Begin PBXFileReference section */
		D51F7C291F1EB73900EDCA03 /* BullsEye.html */ = {isa = PBXFileReference; fileEncoding = 4; lastKnownFileType = text.html; path = BullsEye.html; sourceTree = "<group>"; };
		D56603C31F08D792008E65A1 /* BullsEye.app */ = {isa = PBXFileReference; explicitFileType = wrapper.application; includeInIndex = 0; path = BullsEye.app; sourceTree = BUILT_PRODUCTS_DIR; };
		D56603C71F08D792008E65A1 /* Info.plist */ = {isa = PBXFileReference; lastKnownFileType = text.plist.xml; path = Info.plist; sourceTree = "<group>"; };
		D56603C81F08D792008E65A1 /* AppDelegate.swift */ = {isa = PBXFileReference; lastKnownFileType = sourcecode.swift; path = AppDelegate.swift; sourceTree = "<group>"; };
		D56603CA1F08D792008E65A1 /* ViewController.swift */ = {isa = PBXFileReference; lastKnownFileType = sourcecode.swift; path = ViewController.swift; sourceTree = "<group>"; };
		D56603CD1F08D792008E65A1 /* Base */ = {isa = PBXFileReference; lastKnownFileType = file.storyboard; name = Base; path = Base.lproj/Main.storyboard; sourceTree = "<group>"; };
		D56603CF1F08D792008E65A1 /* Images.xcassets */ = {isa = PBXFileReference; lastKnownFileType = folder.assetcatalog; path = Images.xcassets; sourceTree = "<group>"; };
		D56603D21F08D792008E65A1 /* Base */ = {isa = PBXFileReference; lastKnownFileType = file.xib; name = Base; path = Base.lproj/LaunchScreen.xib; sourceTree = "<group>"; };
		D56603D81F08D792008E65A1 /* BullsEyeTests.xctest */ = {isa = PBXFileReference; explicitFileType = wrapper.cfbundle; includeInIndex = 0; path = BullsEyeTests.xctest; sourceTree = BUILT_PRODUCTS_DIR; };
		D56603DD1F08D792008E65A1 /* Info.plist */ = {isa = PBXFileReference; lastKnownFileType = text.plist.xml; path = Info.plist; sourceTree = "<group>"; };
		D56603DE1F08D792008E65A1 /* BullsEyeTests.swift */ = {isa = PBXFileReference; lastKnownFileType = sourcecode.swift; path = BullsEyeTests.swift; sourceTree = "<group>"; };
		D56BE92F1F0A796C00764EB6 /* AboutViewController.swift */ = {isa = PBXFileReference; fileEncoding = 4; lastKnownFileType = sourcecode.swift; path = AboutViewController.swift; sourceTree = "<group>"; };
/* End PBXFileReference section */

/* Begin PBXFrameworksBuildPhase section */
		D56603C01F08D792008E65A1 /* Frameworks */ = {
			isa = PBXFrameworksBuildPhase;
			buildActionMask = 2147483647;
			files = (
			);
			runOnlyForDeploymentPostprocessing = 0;
		};
		D56603D51F08D792008E65A1 /* Frameworks */ = {
			isa = PBXFrameworksBuildPhase;
			buildActionMask = 2147483647;
			files = (
			);
			runOnlyForDeploymentPostprocessing = 0;
		};
/* End PBXFrameworksBuildPhase section */

/* Begin PBXGroup section */
		D56603BA1F08D792008E65A1 = {
			isa = PBXGroup;
			children = (
				D56603C51F08D792008E65A1 /* BullsEye */,
				D56603DB1F08D792008E65A1 /* BullsEyeTests */,
				D56603C41F08D792008E65A1 /* Products */,
			);
			sourceTree = "<group>";
		};
		D56603C41F08D792008E65A1 /* Products */ = {
			isa = PBXGroup;
			children = (
				D56603C31F08D792008E65A1 /* BullsEye.app */,
				D56603D81F08D792008E65A1 /* BullsEyeTests.xctest */,
			);
			name = Products;
			sourceTree = "<group>";
		};
		D56603C51F08D792008E65A1 /* BullsEye */ = {
			isa = PBXGroup;
			children = (
				D51F7C291F1EB73900EDCA03 /* BullsEye.html */,
				D56603C81F08D792008E65A1 /* AppDelegate.swift */,
				D56BE92F1F0A796C00764EB6 /* AboutViewController.swift */,
				D56603CA1F08D792008E65A1 /* ViewController.swift */,
				D56603CC1F08D792008E65A1 /* Main.storyboard */,
				D56603CF1F08D792008E65A1 /* Images.xcassets */,
				D56603D11F08D792008E65A1 /* LaunchScreen.xib */,
				D56603C61F08D792008E65A1 /* Supporting Files */,
			);
			path = BullsEye;
			sourceTree = "<group>";
		};
		D56603C61F08D792008E65A1 /* Supporting Files */ = {
			isa = PBXGroup;
			children = (
				D56603C71F08D792008E65A1 /* Info.plist */,
			);
			name = "Supporting Files";
			sourceTree = "<group>";
		};
		D56603DB1F08D792008E65A1 /* BullsEyeTests */ = {
			isa = PBXGroup;
			children = (
				D56603DE1F08D792008E65A1 /* BullsEyeTests.swift */,
				D56603DC1F08D792008E65A1 /* Supporting Files */,
			);
			path = BullsEyeTests;
			sourceTree = "<group>";
		};
		D56603DC1F08D792008E65A1 /* Supporting Files */ = {
			isa = PBXGroup;
			children = (
				D56603DD1F08D792008E65A1 /* Info.plist */,
			);
			name = "Supporting Files";
			sourceTree = "<group>";
		};
/* End PBXGroup section */

/* Begin PBXNativeTarget section */
		D56603C21F08D792008E65A1 /* BullsEye */ = {
			isa = PBXNativeTarget;
			buildConfigurationList = D56603E21F08D792008E65A1 /* Build configuration list for PBXNativeTarget "BullsEye" */;
			buildPhases = (
				D56603BF1F08D792008E65A1 /* Sources */,
				D56603C01F08D792008E65A1 /* Frameworks */,
				D56603C11F08D792008E65A1 /* Resources */,
			);
			buildRules = (
			);
			dependencies = (
			);
			name = BullsEye;
			productName = BullsEye;
			productReference = D56603C31F08D792008E65A1 /* BullsEye.app */;
			productType = "com.apple.product-type.application";
		};
		D56603D71F08D792008E65A1 /* BullsEyeTests */ = {
			isa = PBXNativeTarget;
			buildConfigurationList = D56603E51F08D792008E65A1 /* Build configuration list for PBXNativeTarget "BullsEyeTests" */;
			buildPhases = (
				D56603D41F08D792008E65A1 /* Sources */,
				D56603D51F08D792008E65A1 /* Frameworks */,
				D56603D61F08D792008E65A1 /* Resources */,
			);
			buildRules = (
			);
			dependencies = (
				D56603DA1F08D792008E65A1 /* PBXTargetDependency */,
			);
			name = BullsEyeTests;
			productName = BullsEyeTests;
			productReference = D56603D81F08D792008E65A1 /* BullsEyeTests.xctest */;
			productType = "com.apple.product-type.bundle.unit-test";
		};
/* End PBXNativeTarget section */

/* Begin PBXProject section */
		D56603BB1F08D792008E65A1 /* Project object */ = {
			isa = PBXProject;
			attributes = {
				LastUpgradeCheck = 0640;
				ORGANIZATIONNAME = cskncnr;
				TargetAttributes = {
					D56603C21F08D792008E65A1 = {
						CreatedOnToolsVersion = 6.4;
					};
					D56603D71F08D792008E65A1 = {
						CreatedOnToolsVersion = 6.4;
						TestTargetID = D56603C21F08D792008E65A1;
					};
				};
			};
			buildConfigurationList = D56603BE1F08D792008E65A1 /* Build configuration list for PBXProject "BullsEye" */;
			compatibilityVersion = "Xcode 3.2";
			developmentRegion = English;
			hasScannedForEncodings = 0;
			knownRegions = (
				en,
				Base,
			);
			mainGroup = D56603BA1F08D792008E65A1;
			productRefGroup = D56603C41F08D792008E65A1 /* Products */;
			projectDirPath = "";
			projectRoot = "";
			targets = (
				D56603C21F08D792008E65A1 /* BullsEye */,
				D56603D71F08D792008E65A1 /* BullsEyeTests */,
			);
		};
/* End PBXProject section */

/* Begin PBXResourcesBuildPhase section */
		D56603C11F08D792008E65A1 /* Resources */ = {
			isa = PBXResourcesBuildPhase;
			buildActionMask = 2147483647;
			files = (
				D56603CE1F08D792008E65A1 /* Main.storyboard in Resources */,
				D51F7C2A1F1EB73900EDCA03 /* BullsEye.html in Resources */,
				D56603D31F08D792008E65A1 /* LaunchScreen.xib in Resources */,
				D56603D01F08D792008E65A1 /* Images.xcassets in Resources */,
			);
			runOnlyForDeploymentPostprocessing = 0;
		};
		D56603D61F08D792008E65A1 /* Resources */ = {
			isa = PBXResourcesBuildPhase;
			buildActionMask = 2147483647;
			files = (
			);
			runOnlyForDeploymentPostprocessing = 0;
		};
/* End PBXResourcesBuildPhase section */

/* Begin PBXSourcesBuildPhase section */
		D56603BF1F08D792008E65A1 /* Sources */ = {
			isa = PBXSourcesBuildPhase;
			buildActionMask = 2147483647;
			files = (
				D56BE9301F0A796C00764EB6 /* AboutViewController.swift in Sources */,
				D56603CB1F08D792008E65A1 /* ViewController.swift in Sources */,
				D56603C91F08D792008E65A1 /* AppDelegate.swift in Sources */,
			);
			runOnlyForDeploymentPostprocessing = 0;
		};
		D56603D41F08D792008E65A1 /* Sources */ = {
			isa = PBXSourcesBuildPhase;
			buildActionMask = 2147483647;
			files = (
				D56603DF1F08D792008E65A1 /* BullsEyeTests.swift in Sources */,
			);
			runOnlyForDeploymentPostprocessing = 0;
		};
/* End PBXSourcesBuildPhase section */

/* Begin PBXTargetDependency section */
		D56603DA1F08D792008E65A1 /* PBXTargetDependency */ = {
			isa = PBXTargetDependency;
			target = D56603C21F08D792008E65A1 /* BullsEye */;
			targetProxy = D56603D91F08D792008E65A1 /* PBXContainerItemProxy */;
		};
/* End PBXTargetDependency section */

/* Begin PBXVariantGroup section */
		D56603CC1F08D792008E65A1 /* Main.storyboard */ = {
			isa = PBXVariantGroup;
			children = (
				D56603CD1F08D792008E65A1 /* Base */,
			);
			name = Main.storyboard;
			sourceTree = "<group>";
		};
		D56603D11F08D792008E65A1 /* LaunchScreen.xib */ = {
			isa = PBXVariantGroup;
			children = (
				D56603D21F08D792008E65A1 /* Base */,
			);
			name = LaunchScreen.xib;
			sourceTree = "<group>";
		};
/* End PBXVariantGroup section */

/* Begin XCBuildConfiguration section */
		D56603E01F08D792008E65A1 /* Debug */ = {
			isa = XCBuildConfiguration;
			buildSettings = {
				ALWAYS_SEARCH_USER_PATHS = NO;
				CLANG_CXX_LANGUAGE_STANDARD = "gnu++0x";
				CLANG_CXX_LIBRARY = "libc++";
				CLANG_ENABLE_MODULES = YES;
				CLANG_ENABLE_OBJC_ARC = YES;
				CLANG_WARN_BOOL_CONVERSION = YES;
				CLANG_WARN_CONSTANT_CONVERSION = YES;
				CLANG_WARN_DIRECT_OBJC_ISA_USAGE = YES_ERROR;
				CLANG_WARN_EMPTY_BODY = YES;
				CLANG_WARN_ENUM_CONVERSION = YES;
				CLANG_WARN_INT_CONVERSION = YES;
				CLANG_WARN_OBJC_ROOT_CLASS = YES_ERROR;
				CLANG_WARN_UNREACHABLE_CODE = YES;
				CLANG_WARN__DUPLICATE_METHOD_MATCH = YES;
				"CODE_SIGN_IDENTITY[sdk=iphoneos*]" = "iPhone Developer";
				COPY_PHASE_STRIP = NO;
				DEBUG_INFORMATION_FORMAT = "dwarf-with-dsym";
				ENABLE_STRICT_OBJC_MSGSEND = YES;
				GCC_C_LANGUAGE_STANDARD = gnu99;
				GCC_DYNAMIC_NO_PIC = NO;
				GCC_NO_COMMON_BLOCKS = YES;
				GCC_OPTIMIZATION_LEVEL = 0;
				GCC_PREPROCESSOR_DEFINITIONS = (
					"DEBUG=1",
					"$(inherited)",
				);
				GCC_SYMBOLS_PRIVATE_EXTERN = NO;
				GCC_WARN_64_TO_32_BIT_CONVERSION = YES;
				GCC_WARN_ABOUT_RETURN_TYPE = YES_ERROR;
				GCC_WARN_UNDECLARED_SELECTOR = YES;
				GCC_WARN_UNINITIALIZED_AUTOS = YES_AGGRESSIVE;
				GCC_WARN_UNUSED_FUNCTION = YES;
				GCC_WARN_UNUSED_VARIABLE = YES;
				IPHONEOS_DEPLOYMENT_TARGET = 8.0;
				MTL_ENABLE_DEBUG_INFO = YES;
				ONLY_ACTIVE_ARCH = YES;
				SDKROOT = iphoneos;
				SWIFT_OPTIMIZATION_LEVEL = "-Onone";
				TARGETED_DEVICE_FAMILY = "1,2";
			};
			name = Debug;
		};
		D56603E11F08D792008E65A1 /* Release */ = {
			isa = XCBuildConfiguration;
			buildSettings = {
				ALWAYS_SEARCH_USER_PATHS = NO;
				CLANG_CXX_LANGUAGE_STANDARD = "gnu++0x";
				CLANG_CXX_LIBRARY = "libc++";
				CLANG_ENABLE_MODULES = YES;
				CLANG_ENABLE_OBJC_ARC = YES;
				CLANG_WARN_BOOL_CONVERSION = YES;
				CLANG_WARN_CONSTANT_CONVERSION = YES;
				CLANG_WARN_DIRECT_OBJC_ISA_USAGE = YES_ERROR;
				CLANG_WARN_EMPTY_BODY = YES;
				CLANG_WARN_ENUM_CONVERSION = YES;
				CLANG_WARN_INT_CONVERSION = YES;
				CLANG_WARN_OBJC_ROOT_CLASS = YES_ERROR;
				CLANG_WARN_UNREACHABLE_CODE = YES;
				CLANG_WARN__DUPLICATE_METHOD_MATCH = YES;
				"CODE_SIGN_IDENTITY[sdk=iphoneos*]" = "iPhone Developer";
				COPY_PHASE_STRIP = NO;
				DEBUG_INFORMATION_FORMAT = "dwarf-with-dsym";
				ENABLE_NS_ASSERTIONS = NO;
				ENABLE_STRICT_OBJC_MSGSEND = YES;
				GCC_C_LANGUAGE_STANDARD = gnu99;
				GCC_NO_COMMON_BLOCKS = YES;
				GCC_WARN_64_TO_32_BIT_CONVERSION = YES;
				GCC_WARN_ABOUT_RETURN_TYPE = YES_ERROR;
				GCC_WARN_UNDECLARED_SELECTOR = YES;
				GCC_WARN_UNINITIALIZED_AUTOS = YES_AGGRESSIVE;
				GCC_WARN_UNUSED_FUNCTION = YES;
				GCC_WARN_UNUSED_VARIABLE = YES;
				IPHONEOS_DEPLOYMENT_TARGET = 8.0;
				MTL_ENABLE_DEBUG_INFO = NO;
				SDKROOT = iphoneos;
				TARGETED_DEVICE_FAMILY = "1,2";
				VALIDATE_PRODUCT = YES;
			};
			name = Release;
		};
		D56603E31F08D792008E65A1 /* Debug */ = {
			isa = XCBuildConfiguration;
			buildSettings = {
				ASSETCATALOG_COMPILER_APPICON_NAME = AppIcon;
				CODE_SIGN_IDENTITY = "iPhone Developer";
				"CODE_SIGN_IDENTITY[sdk=iphoneos*]" = "iPhone Developer";
				INFOPLIST_FILE = BullsEye/Info.plist;
				IPHONEOS_DEPLOYMENT_TARGET = 8.0;
				LD_RUNPATH_SEARCH_PATHS = "$(inherited) @executable_path/Frameworks";
				PRODUCT_NAME = "$(TARGET_NAME)";
				TARGETED_DEVICE_FAMILY = "1,2";
			};
			name = Debug;
		};
		D56603E41F08D792008E65A1 /* Release */ = {
			isa = XCBuildConfiguration;
			buildSettings = {
				ASSETCATALOG_COMPILER_APPICON_NAME = AppIcon;
				CODE_SIGN_IDENTITY = "iPhone Developer";
				"CODE_SIGN_IDENTITY[sdk=iphoneos*]" = "iPhone Developer";
				INFOPLIST_FILE = BullsEye/Info.plist;
				IPHONEOS_DEPLOYMENT_TARGET = 8.0;
				LD_RUNPATH_SEARCH_PATHS = "$(inherited) @executable_path/Frameworks";
				PRODUCT_NAME = "$(TARGET_NAME)";
				TARGETED_DEVICE_FAMILY = "1,2";
			};
			name = Release;
		};
		D56603E61F08D792008E65A1 /* Debug */ = {
			isa = XCBuildConfiguration;
			buildSettings = {
				BUNDLE_LOADER = "$(TEST_HOST)";
				FRAMEWORK_SEARCH_PATHS = (
					"$(SDKROOT)/Developer/Library/Frameworks",
					"$(inherited)",
				);
				GCC_PREPROCESSOR_DEFINITIONS = (
					"DEBUG=1",
					"$(inherited)",
				);
				INFOPLIST_FILE = BullsEyeTests/Info.plist;
				LD_RUNPATH_SEARCH_PATHS = "$(inherited) @executable_path/Frameworks @loader_path/Frameworks";
				PRODUCT_NAME = "$(TARGET_NAME)";
				TEST_HOST = "$(BUILT_PRODUCTS_DIR)/BullsEye.app/BullsEye";
			};
			name = Debug;
		};
		D56603E71F08D792008E65A1 /* Release */ = {
			isa = XCBuildConfiguration;
			buildSettings = {
				BUNDLE_LOADER = "$(TEST_HOST)";
				FRAMEWORK_SEARCH_PATHS = (
					"$(SDKROOT)/Developer/Library/Frameworks",
					"$(inherited)",
				);
				INFOPLIST_FILE = BullsEyeTests/Info.plist;
				LD_RUNPATH_SEARCH_PATHS = "$(inherited) @executable_path/Frameworks @loader_path/Frameworks";
				PRODUCT_NAME = "$(TARGET_NAME)";
				TEST_HOST = "$(BUILT_PRODUCTS_DIR)/BullsEye.app/BullsEye";
			};
			name = Release;
		};
/* End XCBuildConfiguration section */

/* Begin XCConfigurationList section */
		D56603BE1F08D792008E65A1 /* Build configuration list for PBXProject "BullsEye" */ = {
			isa = XCConfigurationList;
			buildConfigurations = (
				D56603E01F08D792008E65A1 /* Debug */,
				D56603E11F08D792008E65A1 /* Release */,
			);
			defaultConfigurationIsVisible = 0;
			defaultConfigurationName = Release;
		};
		D56603E21F08D792008E65A1 /* Build configuration list for PBXNativeTarget "BullsEye" */ = {
			isa = XCConfigurationList;
			buildConfigurations = (
				D56603E31F08D792008E65A1 /* Debug */,
				D56603E41F08D792008E65A1 /* Release */,
			);
			defaultConfigurationIsVisible = 0;
			defaultConfigurationName = Release;
		};
		D56603E51F08D792008E65A1 /* Build configuration list for PBXNativeTarget "BullsEyeTests" */ = {
			isa = XCConfigurationList;
			buildConfigurations = (
				D56603E61F08D792008E65A1 /* Debug */,
				D56603E71F08D792008E65A1 /* Release */,
			);
			defaultConfigurationIsVisible = 0;
			defaultConfigurationName = Release;
		};
/* End XCConfigurationList section */
	};
	rootObject = D56603BB1F08D792008E65A1 /* Project object */;
}
