// !$*UTF8*$!
{
	archiveVersion = 1;
	classes = {
	};
	objectVersion = 46;
	objects = {

/* Begin PBXBuildFile section */
		D569D4B91EFA45F5007853D3 /* AppDelegate.swift in Sources */ = {isa = PBXBuildFile; fileRef = D569D4B81EFA45F5007853D3 /* AppDelegate.swift */; };
		D569D4BB1EFA45F5007853D3 /* ViewController.swift in Sources */ = {isa = PBXBuildFile; fileRef = D569D4BA1EFA45F5007853D3 /* ViewController.swift */; };
		D569D4BE1EFA45F5007853D3 /* Main.storyboard in Resources */ = {isa = PBXBuildFile; fileRef = D569D4BC1EFA45F5007853D3 /* Main.storyboard */; };
		D569D4C01EFA45F5007853D3 /* Images.xcassets in Resources */ = {isa = PBXBuildFile; fileRef = D569D4BF1EFA45F5007853D3 /* Images.xcassets */; };
		D569D4C31EFA45F5007853D3 /* LaunchScreen.xib in Resources */ = {isa = PBXBuildFile; fileRef = D569D4C11EFA45F5007853D3 /* LaunchScreen.xib */; };
		D569D4CF1EFA45F5007853D3 /* SegueViewControllerTests.swift in Sources */ = {isa = PBXBuildFile; fileRef = D569D4CE1EFA45F5007853D3 /* SegueViewControllerTests.swift */; };
		D569D4D91EFA4AF8007853D3 /* SecondViewController.swift in Sources */ = {isa = PBXBuildFile; fileRef = D569D4D81EFA4AF8007853D3 /* SecondViewController.swift */; };
/* End PBXBuildFile section */

/* Begin PBXContainerItemProxy section */
		D569D4C91EFA45F5007853D3 /* PBXContainerItemProxy */ = {
			isa = PBXContainerItemProxy;
			containerPortal = D569D4AB1EFA45F5007853D3 /* Project object */;
			proxyType = 1;
			remoteGlobalIDString = D569D4B21EFA45F5007853D3;
			remoteInfo = SegueViewController;
		};
/* End PBXContainerItemProxy section */

/* Begin PBXFileReference section */
		D569D4B31EFA45F5007853D3 /* SegueViewController.app */ = {isa = PBXFileReference; explicitFileType = wrapper.application; includeInIndex = 0; path = SegueViewController.app; sourceTree = BUILT_PRODUCTS_DIR; };
		D569D4B71EFA45F5007853D3 /* Info.plist */ = {isa = PBXFileReference; lastKnownFileType = text.plist.xml; path = Info.plist; sourceTree = "<group>"; };
		D569D4B81EFA45F5007853D3 /* AppDelegate.swift */ = {isa = PBXFileReference; lastKnownFileType = sourcecode.swift; path = AppDelegate.swift; sourceTree = "<group>"; };
		D569D4BA1EFA45F5007853D3 /* ViewController.swift */ = {isa = PBXFileReference; lastKnownFileType = sourcecode.swift; path = ViewController.swift; sourceTree = "<group>"; };
		D569D4BD1EFA45F5007853D3 /* Base */ = {isa = PBXFileReference; lastKnownFileType = file.storyboard; name = Base; path = Base.lproj/Main.storyboard; sourceTree = "<group>"; };
		D569D4BF1EFA45F5007853D3 /* Images.xcassets */ = {isa = PBXFileReference; lastKnownFileType = folder.assetcatalog; path = Images.xcassets; sourceTree = "<group>"; };
		D569D4C21EFA45F5007853D3 /* Base */ = {isa = PBXFileReference; lastKnownFileType = file.xib; name = Base; path = Base.lproj/LaunchScreen.xib; sourceTree = "<group>"; };
		D569D4C81EFA45F5007853D3 /* SegueViewControllerTests.xctest */ = {isa = PBXFileReference; explicitFileType = wrapper.cfbundle; includeInIndex = 0; path = SegueViewControllerTests.xctest; sourceTree = BUILT_PRODUCTS_DIR; };
		D569D4CD1EFA45F5007853D3 /* Info.plist */ = {isa = PBXFileReference; lastKnownFileType = text.plist.xml; path = Info.plist; sourceTree = "<group>"; };
		D569D4CE1EFA45F5007853D3 /* SegueViewControllerTests.swift */ = {isa = PBXFileReference; lastKnownFileType = sourcecode.swift; path = SegueViewControllerTests.swift; sourceTree = "<group>"; };
		D569D4D81EFA4AF8007853D3 /* SecondViewController.swift */ = {isa = PBXFileReference; fileEncoding = 4; lastKnownFileType = sourcecode.swift; path = SecondViewController.swift; sourceTree = "<group>"; };
/* End PBXFileReference section */

/* Begin PBXFrameworksBuildPhase section */
		D569D4B01EFA45F5007853D3 /* Frameworks */ = {
			isa = PBXFrameworksBuildPhase;
			buildActionMask = 2147483647;
			files = (
			);
			runOnlyForDeploymentPostprocessing = 0;
		};
		D569D4C51EFA45F5007853D3 /* Frameworks */ = {
			isa = PBXFrameworksBuildPhase;
			buildActionMask = 2147483647;
			files = (
			);
			runOnlyForDeploymentPostprocessing = 0;
		};
/* End PBXFrameworksBuildPhase section */

/* Begin PBXGroup section */
		D569D4AA1EFA45F5007853D3 = {
			isa = PBXGroup;
			children = (
				D569D4B51EFA45F5007853D3 /* SegueViewController */,
				D569D4CB1EFA45F5007853D3 /* SegueViewControllerTests */,
				D569D4B41EFA45F5007853D3 /* Products */,
			);
			sourceTree = "<group>";
		};
		D569D4B41EFA45F5007853D3 /* Products */ = {
			isa = PBXGroup;
			children = (
				D569D4B31EFA45F5007853D3 /* SegueViewController.app */,
				D569D4C81EFA45F5007853D3 /* SegueViewControllerTests.xctest */,
			);
			name = Products;
			sourceTree = "<group>";
		};
		D569D4B51EFA45F5007853D3 /* SegueViewController */ = {
			isa = PBXGroup;
			children = (
				D569D4B81EFA45F5007853D3 /* AppDelegate.swift */,
				D569D4BA1EFA45F5007853D3 /* ViewController.swift */,
				D569D4D81EFA4AF8007853D3 /* SecondViewController.swift */,
				D569D4BC1EFA45F5007853D3 /* Main.storyboard */,
				D569D4BF1EFA45F5007853D3 /* Images.xcassets */,
				D569D4C11EFA45F5007853D3 /* LaunchScreen.xib */,
				D569D4B61EFA45F5007853D3 /* Supporting Files */,
			);
			path = SegueViewController;
			sourceTree = "<group>";
		};
		D569D4B61EFA45F5007853D3 /* Supporting Files */ = {
			isa = PBXGroup;
			children = (
				D569D4B71EFA45F5007853D3 /* Info.plist */,
			);
			name = "Supporting Files";
			sourceTree = "<group>";
		};
		D569D4CB1EFA45F5007853D3 /* SegueViewControllerTests */ = {
			isa = PBXGroup;
			children = (
				D569D4CE1EFA45F5007853D3 /* SegueViewControllerTests.swift */,
				D569D4CC1EFA45F5007853D3 /* Supporting Files */,
			);
			path = SegueViewControllerTests;
			sourceTree = "<group>";
		};
		D569D4CC1EFA45F5007853D3 /* Supporting Files */ = {
			isa = PBXGroup;
			children = (
				D569D4CD1EFA45F5007853D3 /* Info.plist */,
			);
			name = "Supporting Files";
			sourceTree = "<group>";
		};
/* End PBXGroup section */

/* Begin PBXNativeTarget section */
		D569D4B21EFA45F5007853D3 /* SegueViewController */ = {
			isa = PBXNativeTarget;
			buildConfigurationList = D569D4D21EFA45F5007853D3 /* Build configuration list for PBXNativeTarget "SegueViewController" */;
			buildPhases = (
				D569D4AF1EFA45F5007853D3 /* Sources */,
				D569D4B01EFA45F5007853D3 /* Frameworks */,
				D569D4B11EFA45F5007853D3 /* Resources */,
			);
			buildRules = (
			);
			dependencies = (
			);
			name = SegueViewController;
			productName = SegueViewController;
			productReference = D569D4B31EFA45F5007853D3 /* SegueViewController.app */;
			productType = "com.apple.product-type.application";
		};
		D569D4C71EFA45F5007853D3 /* SegueViewControllerTests */ = {
			isa = PBXNativeTarget;
			buildConfigurationList = D569D4D51EFA45F5007853D3 /* Build configuration list for PBXNativeTarget "SegueViewControllerTests" */;
			buildPhases = (
				D569D4C41EFA45F5007853D3 /* Sources */,
				D569D4C51EFA45F5007853D3 /* Frameworks */,
				D569D4C61EFA45F5007853D3 /* Resources */,
			);
			buildRules = (
			);
			dependencies = (
				D569D4CA1EFA45F5007853D3 /* PBXTargetDependency */,
			);
			name = SegueViewControllerTests;
			productName = SegueViewControllerTests;
			productReference = D569D4C81EFA45F5007853D3 /* SegueViewControllerTests.xctest */;
			productType = "com.apple.product-type.bundle.unit-test";
		};
/* End PBXNativeTarget section */

/* Begin PBXProject section */
		D569D4AB1EFA45F5007853D3 /* Project object */ = {
			isa = PBXProject;
			attributes = {
				LastUpgradeCheck = 0640;
				ORGANIZATIONNAME = cskncnr;
				TargetAttributes = {
					D569D4B21EFA45F5007853D3 = {
						CreatedOnToolsVersion = 6.4;
					};
					D569D4C71EFA45F5007853D3 = {
						CreatedOnToolsVersion = 6.4;
						TestTargetID = D569D4B21EFA45F5007853D3;
					};
				};
			};
			buildConfigurationList = D569D4AE1EFA45F5007853D3 /* Build configuration list for PBXProject "SegueViewController" */;
			compatibilityVersion = "Xcode 3.2";
			developmentRegion = English;
			hasScannedForEncodings = 0;
			knownRegions = (
				en,
				Base,
			);
			mainGroup = D569D4AA1EFA45F5007853D3;
			productRefGroup = D569D4B41EFA45F5007853D3 /* Products */;
			projectDirPath = "";
			projectRoot = "";
			targets = (
				D569D4B21EFA45F5007853D3 /* SegueViewController */,
				D569D4C71EFA45F5007853D3 /* SegueViewControllerTests */,
			);
		};
/* End PBXProject section */

/* Begin PBXResourcesBuildPhase section */
		D569D4B11EFA45F5007853D3 /* Resources */ = {
			isa = PBXResourcesBuildPhase;
			buildActionMask = 2147483647;
			files = (
				D569D4BE1EFA45F5007853D3 /* Main.storyboard in Resources */,
				D569D4C31EFA45F5007853D3 /* LaunchScreen.xib in Resources */,
				D569D4C01EFA45F5007853D3 /* Images.xcassets in Resources */,
			);
			runOnlyForDeploymentPostprocessing = 0;
		};
		D569D4C61EFA45F5007853D3 /* Resources */ = {
			isa = PBXResourcesBuildPhase;
			buildActionMask = 2147483647;
			files = (
			);
			runOnlyForDeploymentPostprocessing = 0;
		};
/* End PBXResourcesBuildPhase section */

/* Begin PBXSourcesBuildPhase section */
		D569D4AF1EFA45F5007853D3 /* Sources */ = {
			isa = PBXSourcesBuildPhase;
			buildActionMask = 2147483647;
			files = (
				D569D4D91EFA4AF8007853D3 /* SecondViewController.swift in Sources */,
				D569D4BB1EFA45F5007853D3 /* ViewController.swift in Sources */,
				D569D4B91EFA45F5007853D3 /* AppDelegate.swift in Sources */,
			);
			runOnlyForDeploymentPostprocessing = 0;
		};
		D569D4C41EFA45F5007853D3 /* Sources */ = {
			isa = PBXSourcesBuildPhase;
			buildActionMask = 2147483647;
			files = (
				D569D4CF1EFA45F5007853D3 /* SegueViewControllerTests.swift in Sources */,
			);
			runOnlyForDeploymentPostprocessing = 0;
		};
/* End PBXSourcesBuildPhase section */

/* Begin PBXTargetDependency section */
		D569D4CA1EFA45F5007853D3 /* PBXTargetDependency */ = {
			isa = PBXTargetDependency;
			target = D569D4B21EFA45F5007853D3 /* SegueViewController */;
			targetProxy = D569D4C91EFA45F5007853D3 /* PBXContainerItemProxy */;
		};
/* End PBXTargetDependency section */

/* Begin PBXVariantGroup section */
		D569D4BC1EFA45F5007853D3 /* Main.storyboard */ = {
			isa = PBXVariantGroup;
			children = (
				D569D4BD1EFA45F5007853D3 /* Base */,
			);
			name = Main.storyboard;
			sourceTree = "<group>";
		};
		D569D4C11EFA45F5007853D3 /* LaunchScreen.xib */ = {
			isa = PBXVariantGroup;
			children = (
				D569D4C21EFA45F5007853D3 /* Base */,
			);
			name = LaunchScreen.xib;
			sourceTree = "<group>";
		};
/* End PBXVariantGroup section */

/* Begin XCBuildConfiguration section */
		D569D4D01EFA45F5007853D3 /* Debug */ = {
			isa = XCBuildConfiguration;
			buildSettings = {
				ALWAYS_SEARCH_USER_PATHS = NO;
				CLANG_CXX_LANGUAGE_STANDARD = "gnu++0x";
				CLANG_CXX_LIBRARY = "libc++";
				CLANG_ENABLE_MODULES = YES;
				CLANG_ENABLE_OBJC_ARC = YES;
				CLANG_WARN_BOOL_CONVERSION = YES;
				CLANG_WARN_CONSTANT_CONVERSION = YES;
				CLANG_WARN_DIRECT_OBJC_ISA_USAGE = YES_ERROR;
				CLANG_WARN_EMPTY_BODY = YES;
				CLANG_WARN_ENUM_CONVERSION = YES;
				CLANG_WARN_INT_CONVERSION = YES;
				CLANG_WARN_OBJC_ROOT_CLASS = YES_ERROR;
				CLANG_WARN_UNREACHABLE_CODE = YES;
				CLANG_WARN__DUPLICATE_METHOD_MATCH = YES;
				"CODE_SIGN_IDENTITY[sdk=iphoneos*]" = "iPhone Developer";
				COPY_PHASE_STRIP = NO;
				DEBUG_INFORMATION_FORMAT = "dwarf-with-dsym";
				ENABLE_STRICT_OBJC_MSGSEND = YES;
				GCC_C_LANGUAGE_STANDARD = gnu99;
				GCC_DYNAMIC_NO_PIC = NO;
				GCC_NO_COMMON_BLOCKS = YES;
				GCC_OPTIMIZATION_LEVEL = 0;
				GCC_PREPROCESSOR_DEFINITIONS = (
					"DEBUG=1",
					"$(inherited)",
				);
				GCC_SYMBOLS_PRIVATE_EXTERN = NO;
				GCC_WARN_64_TO_32_BIT_CONVERSION = YES;
				GCC_WARN_ABOUT_RETURN_TYPE = YES_ERROR;
				GCC_WARN_UNDECLARED_SELECTOR = YES;
				GCC_WARN_UNINITIALIZED_AUTOS = YES_AGGRESSIVE;
				GCC_WARN_UNUSED_FUNCTION = YES;
				GCC_WARN_UNUSED_VARIABLE = YES;
				IPHONEOS_DEPLOYMENT_TARGET = 8.4;
				MTL_ENABLE_DEBUG_INFO = YES;
				ONLY_ACTIVE_ARCH = YES;
				SDKROOT = iphoneos;
				SWIFT_OPTIMIZATION_LEVEL = "-Onone";
				TARGETED_DEVICE_FAMILY = "1,2";
			};
			name = Debug;
		};
		D569D4D11EFA45F5007853D3 /* Release */ = {
			isa = XCBuildConfiguration;
			buildSettings = {
				ALWAYS_SEARCH_USER_PATHS = NO;
				CLANG_CXX_LANGUAGE_STANDARD = "gnu++0x";
				CLANG_CXX_LIBRARY = "libc++";
				CLANG_ENABLE_MODULES = YES;
				CLANG_ENABLE_OBJC_ARC = YES;
				CLANG_WARN_BOOL_CONVERSION = YES;
				CLANG_WARN_CONSTANT_CONVERSION = YES;
				CLANG_WARN_DIRECT_OBJC_ISA_USAGE = YES_ERROR;
				CLANG_WARN_EMPTY_BODY = YES;
				CLANG_WARN_ENUM_CONVERSION = YES;
				CLANG_WARN_INT_CONVERSION = YES;
				CLANG_WARN_OBJC_ROOT_CLASS = YES_ERROR;
				CLANG_WARN_UNREACHABLE_CODE = YES;
				CLANG_WARN__DUPLICATE_METHOD_MATCH = YES;
				"CODE_SIGN_IDENTITY[sdk=iphoneos*]" = "iPhone Developer";
				COPY_PHASE_STRIP = NO;
				DEBUG_INFORMATION_FORMAT = "dwarf-with-dsym";
				ENABLE_NS_ASSERTIONS = NO;
				ENABLE_STRICT_OBJC_MSGSEND = YES;
				GCC_C_LANGUAGE_STANDARD = gnu99;
				GCC_NO_COMMON_BLOCKS = YES;
				GCC_WARN_64_TO_32_BIT_CONVERSION = YES;
				GCC_WARN_ABOUT_RETURN_TYPE = YES_ERROR;
				GCC_WARN_UNDECLARED_SELECTOR = YES;
				GCC_WARN_UNINITIALIZED_AUTOS = YES_AGGRESSIVE;
				GCC_WARN_UNUSED_FUNCTION = YES;
				GCC_WARN_UNUSED_VARIABLE = YES;
				IPHONEOS_DEPLOYMENT_TARGET = 8.4;
				MTL_ENABLE_DEBUG_INFO = NO;
				SDKROOT = iphoneos;
				TARGETED_DEVICE_FAMILY = "1,2";
				VALIDATE_PRODUCT = YES;
			};
			name = Release;
		};
		D569D4D31EFA45F5007853D3 /* Debug */ = {
			isa = XCBuildConfiguration;
			buildSettings = {
				ASSETCATALOG_COMPILER_APPICON_NAME = AppIcon;
				INFOPLIST_FILE = SegueViewController/Info.plist;
				IPHONEOS_DEPLOYMENT_TARGET = 8.0;
				LD_RUNPATH_SEARCH_PATHS = "$(inherited) @executable_path/Frameworks";
				PRODUCT_NAME = "$(TARGET_NAME)";
			};
			name = Debug;
		};
		D569D4D41EFA45F5007853D3 /* Release */ = {
			isa = XCBuildConfiguration;
			buildSettings = {
				ASSETCATALOG_COMPILER_APPICON_NAME = AppIcon;
				INFOPLIST_FILE = SegueViewController/Info.plist;
				IPHONEOS_DEPLOYMENT_TARGET = 8.0;
				LD_RUNPATH_SEARCH_PATHS = "$(inherited) @executable_path/Frameworks";
				PRODUCT_NAME = "$(TARGET_NAME)";
			};
			name = Release;
		};
		D569D4D61EFA45F5007853D3 /* Debug */ = {
			isa = XCBuildConfiguration;
			buildSettings = {
				BUNDLE_LOADER = "$(TEST_HOST)";
				FRAMEWORK_SEARCH_PATHS = (
					"$(SDKROOT)/Developer/Library/Frameworks",
					"$(inherited)",
				);
				GCC_PREPROCESSOR_DEFINITIONS = (
					"DEBUG=1",
					"$(inherited)",
				);
				INFOPLIST_FILE = SegueViewControllerTests/Info.plist;
				LD_RUNPATH_SEARCH_PATHS = "$(inherited) @executable_path/Frameworks @loader_path/Frameworks";
				PRODUCT_NAME = "$(TARGET_NAME)";
				TEST_HOST = "$(BUILT_PRODUCTS_DIR)/SegueViewController.app/SegueViewController";
			};
			name = Debug;
		};
		D569D4D71EFA45F5007853D3 /* Release */ = {
			isa = XCBuildConfiguration;
			buildSettings = {
				BUNDLE_LOADER = "$(TEST_HOST)";
				FRAMEWORK_SEARCH_PATHS = (
					"$(SDKROOT)/Developer/Library/Frameworks",
					"$(inherited)",
				);
				INFOPLIST_FILE = SegueViewControllerTests/Info.plist;
				LD_RUNPATH_SEARCH_PATHS = "$(inherited) @executable_path/Frameworks @loader_path/Frameworks";
				PRODUCT_NAME = "$(TARGET_NAME)";
				TEST_HOST = "$(BUILT_PRODUCTS_DIR)/SegueViewController.app/SegueViewController";
			};
			name = Release;
		};
/* End XCBuildConfiguration section */

/* Begin XCConfigurationList section */
		D569D4AE1EFA45F5007853D3 /* Build configuration list for PBXProject "SegueViewController" */ = {
			isa = XCConfigurationList;
			buildConfigurations = (
				D569D4D01EFA45F5007853D3 /* Debug */,
				D569D4D11EFA45F5007853D3 /* Release */,
			);
			defaultConfigurationIsVisible = 0;
			defaultConfigurationName = Release;
		};
		D569D4D21EFA45F5007853D3 /* Build configuration list for PBXNativeTarget "SegueViewController" */ = {
			isa = XCConfigurationList;
			buildConfigurations = (
				D569D4D31EFA45F5007853D3 /* Debug */,
				D569D4D41EFA45F5007853D3 /* Release */,
			);
			defaultConfigurationIsVisible = 0;
		};
		D569D4D51EFA45F5007853D3 /* Build configuration list for PBXNativeTarget "SegueViewControllerTests" */ = {
			isa = XCConfigurationList;
			buildConfigurations = (
				D569D4D61EFA45F5007853D3 /* Debug */,
				D569D4D71EFA45F5007853D3 /* Release */,
			);
			defaultConfigurationIsVisible = 0;
		};
/* End XCConfigurationList section */
	};
	rootObject = D569D4AB1EFA45F5007853D3 /* Project object */;
}
