// !$*UTF8*$!
{
	archiveVersion = 1;
	classes = {
	};
	objectVersion = 46;
	objects = {

/* Begin PBXBuildFile section */
		D562DA441EF90CB000861AF6 /* AppDelegate.swift in Sources */ = {isa = PBXBuildFile; fileRef = D562DA431EF90CB000861AF6 /* AppDelegate.swift */; };
		D562DA461EF90CB000861AF6 /* ViewController.swift in Sources */ = {isa = PBXBuildFile; fileRef = D562DA451EF90CB000861AF6 /* ViewController.swift */; };
		D562DA491EF90CB000861AF6 /* Main.storyboard in Resources */ = {isa = PBXBuildFile; fileRef = D562DA471EF90CB000861AF6 /* Main.storyboard */; };
		D562DA4B1EF90CB000861AF6 /* Images.xcassets in Resources */ = {isa = PBXBuildFile; fileRef = D562DA4A1EF90CB000861AF6 /* Images.xcassets */; };
		D562DA4E1EF90CB000861AF6 /* LaunchScreen.xib in Resources */ = {isa = PBXBuildFile; fileRef = D562DA4C1EF90CB000861AF6 /* LaunchScreen.xib */; };
		D562DA5A1EF90CB000861AF6 /* SecondViewAppTests.swift in Sources */ = {isa = PBXBuildFile; fileRef = D562DA591EF90CB000861AF6 /* SecondViewAppTests.swift */; };
		D562DA641EF913A800861AF6 /* SecondViewerController.swift in Sources */ = {isa = PBXBuildFile; fileRef = D562DA631EF913A800861AF6 /* SecondViewerController.swift */; };
/* End PBXBuildFile section */

/* Begin PBXContainerItemProxy section */
		D562DA541EF90CB000861AF6 /* PBXContainerItemProxy */ = {
			isa = PBXContainerItemProxy;
			containerPortal = D562DA361EF90CB000861AF6 /* Project object */;
			proxyType = 1;
			remoteGlobalIDString = D562DA3D1EF90CB000861AF6;
			remoteInfo = SecondViewApp;
		};
/* End PBXContainerItemProxy section */

/* Begin PBXFileReference section */
		D562DA3E1EF90CB000861AF6 /* SecondViewApp.app */ = {isa = PBXFileReference; explicitFileType = wrapper.application; includeInIndex = 0; path = SecondViewApp.app; sourceTree = BUILT_PRODUCTS_DIR; };
		D562DA421EF90CB000861AF6 /* Info.plist */ = {isa = PBXFileReference; lastKnownFileType = text.plist.xml; path = Info.plist; sourceTree = "<group>"; };
		D562DA431EF90CB000861AF6 /* AppDelegate.swift */ = {isa = PBXFileReference; lastKnownFileType = sourcecode.swift; path = AppDelegate.swift; sourceTree = "<group>"; };
		D562DA451EF90CB000861AF6 /* ViewController.swift */ = {isa = PBXFileReference; lastKnownFileType = sourcecode.swift; path = ViewController.swift; sourceTree = "<group>"; };
		D562DA481EF90CB000861AF6 /* Base */ = {isa = PBXFileReference; lastKnownFileType = file.storyboard; name = Base; path = Base.lproj/Main.storyboard; sourceTree = "<group>"; };
		D562DA4A1EF90CB000861AF6 /* Images.xcassets */ = {isa = PBXFileReference; lastKnownFileType = folder.assetcatalog; path = Images.xcassets; sourceTree = "<group>"; };
		D562DA4D1EF90CB000861AF6 /* Base */ = {isa = PBXFileReference; lastKnownFileType = file.xib; name = Base; path = Base.lproj/LaunchScreen.xib; sourceTree = "<group>"; };
		D562DA531EF90CB000861AF6 /* SecondViewAppTests.xctest */ = {isa = PBXFileReference; explicitFileType = wrapper.cfbundle; includeInIndex = 0; path = SecondViewAppTests.xctest; sourceTree = BUILT_PRODUCTS_DIR; };
		D562DA581EF90CB000861AF6 /* Info.plist */ = {isa = PBXFileReference; lastKnownFileType = text.plist.xml; path = Info.plist; sourceTree = "<group>"; };
		D562DA591EF90CB000861AF6 /* SecondViewAppTests.swift */ = {isa = PBXFileReference; lastKnownFileType = sourcecode.swift; path = SecondViewAppTests.swift; sourceTree = "<group>"; };
		D562DA631EF913A800861AF6 /* SecondViewerController.swift */ = {isa = PBXFileReference; fileEncoding = 4; lastKnownFileType = sourcecode.swift; path = SecondViewerController.swift; sourceTree = "<group>"; };
/* End PBXFileReference section */

/* Begin PBXFrameworksBuildPhase section */
		D562DA3B1EF90CB000861AF6 /* Frameworks */ = {
			isa = PBXFrameworksBuildPhase;
			buildActionMask = 2147483647;
			files = (
			);
			runOnlyForDeploymentPostprocessing = 0;
		};
		D562DA501EF90CB000861AF6 /* Frameworks */ = {
			isa = PBXFrameworksBuildPhase;
			buildActionMask = 2147483647;
			files = (
			);
			runOnlyForDeploymentPostprocessing = 0;
		};
/* End PBXFrameworksBuildPhase section */

/* Begin PBXGroup section */
		D562DA351EF90CB000861AF6 = {
			isa = PBXGroup;
			children = (
				D562DA401EF90CB000861AF6 /* SecondViewApp */,
				D562DA561EF90CB000861AF6 /* SecondViewAppTests */,
				D562DA3F1EF90CB000861AF6 /* Products */,
			);
			sourceTree = "<group>";
		};
		D562DA3F1EF90CB000861AF6 /* Products */ = {
			isa = PBXGroup;
			children = (
				D562DA3E1EF90CB000861AF6 /* SecondViewApp.app */,
				D562DA531EF90CB000861AF6 /* SecondViewAppTests.xctest */,
			);
			name = Products;
			sourceTree = "<group>";
		};
		D562DA401EF90CB000861AF6 /* SecondViewApp */ = {
			isa = PBXGroup;
			children = (
				D562DA431EF90CB000861AF6 /* AppDelegate.swift */,
				D562DA451EF90CB000861AF6 /* ViewController.swift */,
				D562DA631EF913A800861AF6 /* SecondViewerController.swift */,
				D562DA471EF90CB000861AF6 /* Main.storyboard */,
				D562DA4A1EF90CB000861AF6 /* Images.xcassets */,
				D562DA4C1EF90CB000861AF6 /* LaunchScreen.xib */,
				D562DA411EF90CB000861AF6 /* Supporting Files */,
			);
			path = SecondViewApp;
			sourceTree = "<group>";
		};
		D562DA411EF90CB000861AF6 /* Supporting Files */ = {
			isa = PBXGroup;
			children = (
				D562DA421EF90CB000861AF6 /* Info.plist */,
			);
			name = "Supporting Files";
			sourceTree = "<group>";
		};
		D562DA561EF90CB000861AF6 /* SecondViewAppTests */ = {
			isa = PBXGroup;
			children = (
				D562DA591EF90CB000861AF6 /* SecondViewAppTests.swift */,
				D562DA571EF90CB000861AF6 /* Supporting Files */,
			);
			path = SecondViewAppTests;
			sourceTree = "<group>";
		};
		D562DA571EF90CB000861AF6 /* Supporting Files */ = {
			isa = PBXGroup;
			children = (
				D562DA581EF90CB000861AF6 /* Info.plist */,
			);
			name = "Supporting Files";
			sourceTree = "<group>";
		};
/* End PBXGroup section */

/* Begin PBXNativeTarget section */
		D562DA3D1EF90CB000861AF6 /* SecondViewApp */ = {
			isa = PBXNativeTarget;
			buildConfigurationList = D562DA5D1EF90CB000861AF6 /* Build configuration list for PBXNativeTarget "SecondViewApp" */;
			buildPhases = (
				D562DA3A1EF90CB000861AF6 /* Sources */,
				D562DA3B1EF90CB000861AF6 /* Frameworks */,
				D562DA3C1EF90CB000861AF6 /* Resources */,
			);
			buildRules = (
			);
			dependencies = (
			);
			name = SecondViewApp;
			productName = SecondViewApp;
			productReference = D562DA3E1EF90CB000861AF6 /* SecondViewApp.app */;
			productType = "com.apple.product-type.application";
		};
		D562DA521EF90CB000861AF6 /* SecondViewAppTests */ = {
			isa = PBXNativeTarget;
			buildConfigurationList = D562DA601EF90CB000861AF6 /* Build configuration list for PBXNativeTarget "SecondViewAppTests" */;
			buildPhases = (
				D562DA4F1EF90CB000861AF6 /* Sources */,
				D562DA501EF90CB000861AF6 /* Frameworks */,
				D562DA511EF90CB000861AF6 /* Resources */,
			);
			buildRules = (
			);
			dependencies = (
				D562DA551EF90CB000861AF6 /* PBXTargetDependency */,
			);
			name = SecondViewAppTests;
			productName = SecondViewAppTests;
			productReference = D562DA531EF90CB000861AF6 /* SecondViewAppTests.xctest */;
			productType = "com.apple.product-type.bundle.unit-test";
		};
/* End PBXNativeTarget section */

/* Begin PBXProject section */
		D562DA361EF90CB000861AF6 /* Project object */ = {
			isa = PBXProject;
			attributes = {
				LastUpgradeCheck = 0640;
				ORGANIZATIONNAME = cskncnr;
				TargetAttributes = {
					D562DA3D1EF90CB000861AF6 = {
						CreatedOnToolsVersion = 6.4;
					};
					D562DA521EF90CB000861AF6 = {
						CreatedOnToolsVersion = 6.4;
						TestTargetID = D562DA3D1EF90CB000861AF6;
					};
				};
			};
			buildConfigurationList = D562DA391EF90CB000861AF6 /* Build configuration list for PBXProject "SecondViewApp" */;
			compatibilityVersion = "Xcode 3.2";
			developmentRegion = English;
			hasScannedForEncodings = 0;
			knownRegions = (
				en,
				Base,
			);
			mainGroup = D562DA351EF90CB000861AF6;
			productRefGroup = D562DA3F1EF90CB000861AF6 /* Products */;
			projectDirPath = "";
			projectRoot = "";
			targets = (
				D562DA3D1EF90CB000861AF6 /* SecondViewApp */,
				D562DA521EF90CB000861AF6 /* SecondViewAppTests */,
			);
		};
/* End PBXProject section */

/* Begin PBXResourcesBuildPhase section */
		D562DA3C1EF90CB000861AF6 /* Resources */ = {
			isa = PBXResourcesBuildPhase;
			buildActionMask = 2147483647;
			files = (
				D562DA491EF90CB000861AF6 /* Main.storyboard in Resources */,
				D562DA4E1EF90CB000861AF6 /* LaunchScreen.xib in Resources */,
				D562DA4B1EF90CB000861AF6 /* Images.xcassets in Resources */,
			);
			runOnlyForDeploymentPostprocessing = 0;
		};
		D562DA511EF90CB000861AF6 /* Resources */ = {
			isa = PBXResourcesBuildPhase;
			buildActionMask = 2147483647;
			files = (
			);
			runOnlyForDeploymentPostprocessing = 0;
		};
/* End PBXResourcesBuildPhase section */

/* Begin PBXSourcesBuildPhase section */
		D562DA3A1EF90CB000861AF6 /* Sources */ = {
			isa = PBXSourcesBuildPhase;
			buildActionMask = 2147483647;
			files = (
				D562DA461EF90CB000861AF6 /* ViewController.swift in Sources */,
				D562DA641EF913A800861AF6 /* SecondViewerController.swift in Sources */,
				D562DA441EF90CB000861AF6 /* AppDelegate.swift in Sources */,
			);
			runOnlyForDeploymentPostprocessing = 0;
		};
		D562DA4F1EF90CB000861AF6 /* Sources */ = {
			isa = PBXSourcesBuildPhase;
			buildActionMask = 2147483647;
			files = (
				D562DA5A1EF90CB000861AF6 /* SecondViewAppTests.swift in Sources */,
			);
			runOnlyForDeploymentPostprocessing = 0;
		};
/* End PBXSourcesBuildPhase section */

/* Begin PBXTargetDependency section */
		D562DA551EF90CB000861AF6 /* PBXTargetDependency */ = {
			isa = PBXTargetDependency;
			target = D562DA3D1EF90CB000861AF6 /* SecondViewApp */;
			targetProxy = D562DA541EF90CB000861AF6 /* PBXContainerItemProxy */;
		};
/* End PBXTargetDependency section */

/* Begin PBXVariantGroup section */
		D562DA471EF90CB000861AF6 /* Main.storyboard */ = {
			isa = PBXVariantGroup;
			children = (
				D562DA481EF90CB000861AF6 /* Base */,
			);
			name = Main.storyboard;
			sourceTree = "<group>";
		};
		D562DA4C1EF90CB000861AF6 /* LaunchScreen.xib */ = {
			isa = PBXVariantGroup;
			children = (
				D562DA4D1EF90CB000861AF6 /* Base */,
			);
			name = LaunchScreen.xib;
			sourceTree = "<group>";
		};
/* End PBXVariantGroup section */

/* Begin XCBuildConfiguration section */
		D562DA5B1EF90CB000861AF6 /* Debug */ = {
			isa = XCBuildConfiguration;
			buildSettings = {
				ALWAYS_SEARCH_USER_PATHS = NO;
				CLANG_CXX_LANGUAGE_STANDARD = "gnu++0x";
				CLANG_CXX_LIBRARY = "libc++";
				CLANG_ENABLE_MODULES = YES;
				CLANG_ENABLE_OBJC_ARC = YES;
				CLANG_WARN_BOOL_CONVERSION = YES;
				CLANG_WARN_CONSTANT_CONVERSION = YES;
				CLANG_WARN_DIRECT_OBJC_ISA_USAGE = YES_ERROR;
				CLANG_WARN_EMPTY_BODY = YES;
				CLANG_WARN_ENUM_CONVERSION = YES;
				CLANG_WARN_INT_CONVERSION = YES;
				CLANG_WARN_OBJC_ROOT_CLASS = YES_ERROR;
				CLANG_WARN_UNREACHABLE_CODE = YES;
				CLANG_WARN__DUPLICATE_METHOD_MATCH = YES;
				"CODE_SIGN_IDENTITY[sdk=iphoneos*]" = "iPhone Developer";
				COPY_PHASE_STRIP = NO;
				DEBUG_INFORMATION_FORMAT = "dwarf-with-dsym";
				ENABLE_STRICT_OBJC_MSGSEND = YES;
				GCC_C_LANGUAGE_STANDARD = gnu99;
				GCC_DYNAMIC_NO_PIC = NO;
				GCC_NO_COMMON_BLOCKS = YES;
				GCC_OPTIMIZATION_LEVEL = 0;
				GCC_PREPROCESSOR_DEFINITIONS = (
					"DEBUG=1",
					"$(inherited)",
				);
				GCC_SYMBOLS_PRIVATE_EXTERN = NO;
				GCC_WARN_64_TO_32_BIT_CONVERSION = YES;
				GCC_WARN_ABOUT_RETURN_TYPE = YES_ERROR;
				GCC_WARN_UNDECLARED_SELECTOR = YES;
				GCC_WARN_UNINITIALIZED_AUTOS = YES_AGGRESSIVE;
				GCC_WARN_UNUSED_FUNCTION = YES;
				GCC_WARN_UNUSED_VARIABLE = YES;
				IPHONEOS_DEPLOYMENT_TARGET = 8.4;
				MTL_ENABLE_DEBUG_INFO = YES;
				ONLY_ACTIVE_ARCH = YES;
				SDKROOT = iphoneos;
				SWIFT_OPTIMIZATION_LEVEL = "-Onone";
				TARGETED_DEVICE_FAMILY = "1,2";
			};
			name = Debug;
		};
		D562DA5C1EF90CB000861AF6 /* Release */ = {
			isa = XCBuildConfiguration;
			buildSettings = {
				ALWAYS_SEARCH_USER_PATHS = NO;
				CLANG_CXX_LANGUAGE_STANDARD = "gnu++0x";
				CLANG_CXX_LIBRARY = "libc++";
				CLANG_ENABLE_MODULES = YES;
				CLANG_ENABLE_OBJC_ARC = YES;
				CLANG_WARN_BOOL_CONVERSION = YES;
				CLANG_WARN_CONSTANT_CONVERSION = YES;
				CLANG_WARN_DIRECT_OBJC_ISA_USAGE = YES_ERROR;
				CLANG_WARN_EMPTY_BODY = YES;
				CLANG_WARN_ENUM_CONVERSION = YES;
				CLANG_WARN_INT_CONVERSION = YES;
				CLANG_WARN_OBJC_ROOT_CLASS = YES_ERROR;
				CLANG_WARN_UNREACHABLE_CODE = YES;
				CLANG_WARN__DUPLICATE_METHOD_MATCH = YES;
				"CODE_SIGN_IDENTITY[sdk=iphoneos*]" = "iPhone Developer";
				COPY_PHASE_STRIP = NO;
				DEBUG_INFORMATION_FORMAT = "dwarf-with-dsym";
				ENABLE_NS_ASSERTIONS = NO;
				ENABLE_STRICT_OBJC_MSGSEND = YES;
				GCC_C_LANGUAGE_STANDARD = gnu99;
				GCC_NO_COMMON_BLOCKS = YES;
				GCC_WARN_64_TO_32_BIT_CONVERSION = YES;
				GCC_WARN_ABOUT_RETURN_TYPE = YES_ERROR;
				GCC_WARN_UNDECLARED_SELECTOR = YES;
				GCC_WARN_UNINITIALIZED_AUTOS = YES_AGGRESSIVE;
				GCC_WARN_UNUSED_FUNCTION = YES;
				GCC_WARN_UNUSED_VARIABLE = YES;
				IPHONEOS_DEPLOYMENT_TARGET = 8.4;
				MTL_ENABLE_DEBUG_INFO = NO;
				SDKROOT = iphoneos;
				TARGETED_DEVICE_FAMILY = "1,2";
				VALIDATE_PRODUCT = YES;
			};
			name = Release;
		};
		D562DA5E1EF90CB000861AF6 /* Debug */ = {
			isa = XCBuildConfiguration;
			buildSettings = {
				ASSETCATALOG_COMPILER_APPICON_NAME = AppIcon;
				INFOPLIST_FILE = SecondViewApp/Info.plist;
				IPHONEOS_DEPLOYMENT_TARGET = 8.0;
				LD_RUNPATH_SEARCH_PATHS = "$(inherited) @executable_path/Frameworks";
				PRODUCT_NAME = "$(TARGET_NAME)";
			};
			name = Debug;
		};
		D562DA5F1EF90CB000861AF6 /* Release */ = {
			isa = XCBuildConfiguration;
			buildSettings = {
				ASSETCATALOG_COMPILER_APPICON_NAME = AppIcon;
				INFOPLIST_FILE = SecondViewApp/Info.plist;
				IPHONEOS_DEPLOYMENT_TARGET = 8.0;
				LD_RUNPATH_SEARCH_PATHS = "$(inherited) @executable_path/Frameworks";
				PRODUCT_NAME = "$(TARGET_NAME)";
			};
			name = Release;
		};
		D562DA611EF90CB000861AF6 /* Debug */ = {
			isa = XCBuildConfiguration;
			buildSettings = {
				BUNDLE_LOADER = "$(TEST_HOST)";
				FRAMEWORK_SEARCH_PATHS = (
					"$(SDKROOT)/Developer/Library/Frameworks",
					"$(inherited)",
				);
				GCC_PREPROCESSOR_DEFINITIONS = (
					"DEBUG=1",
					"$(inherited)",
				);
				INFOPLIST_FILE = SecondViewAppTests/Info.plist;
				LD_RUNPATH_SEARCH_PATHS = "$(inherited) @executable_path/Frameworks @loader_path/Frameworks";
				PRODUCT_NAME = "$(TARGET_NAME)";
				TEST_HOST = "$(BUILT_PRODUCTS_DIR)/SecondViewApp.app/SecondViewApp";
			};
			name = Debug;
		};
		D562DA621EF90CB000861AF6 /* Release */ = {
			isa = XCBuildConfiguration;
			buildSettings = {
				BUNDLE_LOADER = "$(TEST_HOST)";
				FRAMEWORK_SEARCH_PATHS = (
					"$(SDKROOT)/Developer/Library/Frameworks",
					"$(inherited)",
				);
				INFOPLIST_FILE = SecondViewAppTests/Info.plist;
				LD_RUNPATH_SEARCH_PATHS = "$(inherited) @executable_path/Frameworks @loader_path/Frameworks";
				PRODUCT_NAME = "$(TARGET_NAME)";
				TEST_HOST = "$(BUILT_PRODUCTS_DIR)/SecondViewApp.app/SecondViewApp";
			};
			name = Release;
		};
/* End XCBuildConfiguration section */

/* Begin XCConfigurationList section */
		D562DA391EF90CB000861AF6 /* Build configuration list for PBXProject "SecondViewApp" */ = {
			isa = XCConfigurationList;
			buildConfigurations = (
				D562DA5B1EF90CB000861AF6 /* Debug */,
				D562DA5C1EF90CB000861AF6 /* Release */,
			);
			defaultConfigurationIsVisible = 0;
			defaultConfigurationName = Release;
		};
		D562DA5D1EF90CB000861AF6 /* Build configuration list for PBXNativeTarget "SecondViewApp" */ = {
			isa = XCConfigurationList;
			buildConfigurations = (
				D562DA5E1EF90CB000861AF6 /* Debug */,
				D562DA5F1EF90CB000861AF6 /* Release */,
			);
			defaultConfigurationIsVisible = 0;
		};
		D562DA601EF90CB000861AF6 /* Build configuration list for PBXNativeTarget "SecondViewAppTests" */ = {
			isa = XCConfigurationList;
			buildConfigurations = (
				D562DA611EF90CB000861AF6 /* Debug */,
				D562DA621EF90CB000861AF6 /* Release */,
			);
			defaultConfigurationIsVisible = 0;
		};
/* End XCConfigurationList section */
	};
	rootObject = D562DA361EF90CB000861AF6 /* Project object */;
}
